
Microsoft Visual Studio Solution File, Format Version 12.00
# Visual Studio Version 17
VisualStudioVersion = 17.3.32811.315
MinimumVisualStudioVersion = 10.0.40219.1
Project("{FAE04EC0-301F-11D3-BF4B-00C04F79EFBC}") = "BullsNCowsWindowsFormsApp", "BullsNCowsWindowsFormsApp\BullsNCowsWindowsFormsApp.csproj", "{2D5F0C8C-715B-42F9-B378-2DAEEFB14FE8}"
EndProject
Global
	GlobalSection(SolutionConfigurationPlatforms) = preSolution
		Debug|Any CPU = Debug|Any CPU
		Release|Any CPU = Release|Any CPU
	EndGlobalSection
	GlobalSection(ProjectConfigurationPlatforms) = postSolution
		{2D5F0C8C-715B-42F9-B378-2DAEEFB14FE8}.Debug|Any CPU.ActiveCfg = Debug|Any CPU
		{2D5F0C8C-715B-42F9-B378-2DAEEFB14FE8}.Debug|Any CPU.Build.0 = Debug|Any CPU
		{2D5F0C8C-715B-42F9-B378-2DAEEFB14FE8}.Release|Any CPU.ActiveCfg = Release|Any CPU
		{2D5F0C8C-715B-42F9-B378-2DAEEFB14FE8}.Release|Any CPU.Build.0 = Release|Any CPU
	EndGlobalSection
	GlobalSection(SolutionProperties) = preSolution
		HideSolutionNode = FALSE
	EndGlobalSection
	GlobalSection(ExtensibilityGlobals) = postSolution
		SolutionGuid = {7478EE61-331E-45BA-83B1-E32C6F7D9328}
	EndGlobalSection
EndGlobal
